
Microsoft Visual Studio Solution File, Format Version 12.00
# Visual Studio 15
VisualStudioVersion = 15.0.27004.2008
MinimumVisualStudioVersion = 10.0.40219.1
Project("{8BC9CEB8-8B4A-11D0-8D11-00A0C91BC942}") = "Motor Logic Test", "Motor Logic Test\Motor Logic Test.vcxproj", "{216DF989-7B6E-478A-AA41-2374FCD3B201}"
EndProject
Global
	GlobalSection(SolutionConfigurationPlatforms) = preSolution
		Debug|x64 = Debug|x64
		Debug|x86 = Debug|x86
		Release|x64 = Release|x64
		Release|x86 = Release|x86
	EndGlobalSection
	GlobalSection(ProjectConfigurationPlatforms) = postSolution
		{216DF989-7B6E-478A-AA41-2374FCD3B201}.Debug|x64.ActiveCfg = Debug|x64
		{216DF989-7B6E-478A-AA41-2374FCD3B201}.Debug|x64.Build.0 = Debug|x64
		{216DF989-7B6E-478A-AA41-2374FCD3B201}.Debug|x86.ActiveCfg = Debug|Win32
		{216DF989-7B6E-478A-AA41-2374FCD3B201}.Debug|x86.Build.0 = Debug|Win32
		{216DF989-7B6E-478A-AA41-2374FCD3B201}.Release|x64.ActiveCfg = Release|x64
		{216DF989-7B6E-478A-AA41-2374FCD3B201}.Release|x64.Build.0 = Release|x64
		{216DF989-7B6E-478A-AA41-2374FCD3B201}.Release|x86.ActiveCfg = Release|Win32
		{216DF989-7B6E-478A-AA41-2374FCD3B201}.Release|x86.Build.0 = Release|Win32
	EndGlobalSection
	GlobalSection(SolutionProperties) = preSolution
		HideSolutionNode = FALSE
	EndGlobalSection
	GlobalSection(ExtensibilityGlobals) = postSolution
		SolutionGuid = {272FFE02-9A72-4673-BECA-FAE8AC5E4C56}
	EndGlobalSection
EndGlobal
